
Microsoft Visual Studio Solution File, Format Version 12.00
# Visual Studio Version 17
VisualStudioVersion = 17.2.32616.157
MinimumVisualStudioVersion = 10.0.40219.1
Project("{FAE04EC0-301F-11D3-BF4B-00C04F79EFBC}") = "EstoqueMigration.Function", "EstoqueMigration.Function\EstoqueMigration.Function.csproj", "{2B39662F-9694-4303-BEC8-12479B0F1055}"
EndProject
Global
	GlobalSection(SolutionConfigurationPlatforms) = preSolution
		Debug|Any CPU = Debug|Any CPU
		Release|Any CPU = Release|Any CPU
	EndGlobalSection
	GlobalSection(ProjectConfigurationPlatforms) = postSolution
		{2B39662F-9694-4303-BEC8-12479B0F1055}.Debug|Any CPU.ActiveCfg = Debug|Any CPU
		{2B39662F-9694-4303-BEC8-12479B0F1055}.Debug|Any CPU.Build.0 = Debug|Any CPU
		{2B39662F-9694-4303-BEC8-12479B0F1055}.Release|Any CPU.ActiveCfg = Release|Any CPU
		{2B39662F-9694-4303-BEC8-12479B0F1055}.Release|Any CPU.Build.0 = Release|Any CPU
	EndGlobalSection
	GlobalSection(SolutionProperties) = preSolution
		HideSolutionNode = FALSE
	EndGlobalSection
	GlobalSection(ExtensibilityGlobals) = postSolution
		SolutionGuid = {53F91D78-7552-4075-AC33-9983770DC4D0}
	EndGlobalSection
EndGlobal
